
Microsoft Visual Studio Solution File, Format Version 12.00
# Visual Studio Version 17
VisualStudioVersion = 17.0.32112.339
MinimumVisualStudioVersion = 10.0.40219.1
Project("{8BC9CEB8-8B4A-11D0-8D11-00A0C91BC942}") = "ComputationalMechanichs", "ComputationalMechanichs\ComputationalMechanichs.vcxproj", "{0C7143A9-FEAE-4305-92CD-2B5960D16E29}"
EndProject
Project("{8BC9CEB8-8B4A-11D0-8D11-00A0C91BC942}") = "Sample-Test1", "Sample-Test1\Sample-Test1.vcxproj", "{7B94D7B5-5DD4-496B-8129-CD2FC8DA3C7B}"
EndProject
Global
	GlobalSection(SolutionConfigurationPlatforms) = preSolution
		Debug|x64 = Debug|x64
		Debug|x86 = Debug|x86
		Release|x64 = Release|x64
		Release|x86 = Release|x86
	EndGlobalSection
	GlobalSection(ProjectConfigurationPlatforms) = postSolution
		{0C7143A9-FEAE-4305-92CD-2B5960D16E29}.Debug|x64.ActiveCfg = Debug|x64
		{0C7143A9-FEAE-4305-92CD-2B5960D16E29}.Debug|x64.Build.0 = Debug|x64
		{0C7143A9-FEAE-4305-92CD-2B5960D16E29}.Debug|x86.ActiveCfg = Debug|Win32
		{0C7143A9-FEAE-4305-92CD-2B5960D16E29}.Debug|x86.Build.0 = Debug|Win32
		{0C7143A9-FEAE-4305-92CD-2B5960D16E29}.Release|x64.ActiveCfg = Release|x64
		{0C7143A9-FEAE-4305-92CD-2B5960D16E29}.Release|x64.Build.0 = Release|x64
		{0C7143A9-FEAE-4305-92CD-2B5960D16E29}.Release|x86.ActiveCfg = Release|Win32
		{0C7143A9-FEAE-4305-92CD-2B5960D16E29}.Release|x86.Build.0 = Release|Win32
		{7B94D7B5-5DD4-496B-8129-CD2FC8DA3C7B}.Debug|x64.ActiveCfg = Debug|x64
		{7B94D7B5-5DD4-496B-8129-CD2FC8DA3C7B}.Debug|x64.Build.0 = Debug|x64
		{7B94D7B5-5DD4-496B-8129-CD2FC8DA3C7B}.Debug|x86.ActiveCfg = Debug|Win32
		{7B94D7B5-5DD4-496B-8129-CD2FC8DA3C7B}.Debug|x86.Build.0 = Debug|Win32
		{7B94D7B5-5DD4-496B-8129-CD2FC8DA3C7B}.Release|x64.ActiveCfg = Release|x64
		{7B94D7B5-5DD4-496B-8129-CD2FC8DA3C7B}.Release|x64.Build.0 = Release|x64
		{7B94D7B5-5DD4-496B-8129-CD2FC8DA3C7B}.Release|x86.ActiveCfg = Release|Win32
		{7B94D7B5-5DD4-496B-8129-CD2FC8DA3C7B}.Release|x86.Build.0 = Release|Win32
	EndGlobalSection
	GlobalSection(SolutionProperties) = preSolution
		HideSolutionNode = FALSE
	EndGlobalSection
	GlobalSection(ExtensibilityGlobals) = postSolution
		SolutionGuid = {679C9E32-2B26-487F-A7C0-93C9E874E4A6}
	EndGlobalSection
EndGlobal
